lockfileVersion: '9.0'

settings:
  autoInstallPeers: true
  excludeLinksFromLockfile: false

importers:

  .:
    devDependencies:
      '@napi-rs/cli':
        specifier: ^3.7.0
        version: 3.7.0(@emnapi/core@1.10.0)(@emnapi/runtime@1.10.0)

packages:

  '@emnapi/core@1.10.0':
    resolution: {integrity: sha512-yq6OkJ4p82CAfPl0u9mQebQHKPJkY7WrIuk205cTYnYe+k2Z8YBh11FrbRG/H6ihirqcacOgl2BIO8oyMQLeXw==}

  '@emnapi/runtime@1.10.0':
    resolution: {integrity: sha512-ewvYlk86xUoGI0zQRNq/mC+16R1QeDlKQy21Ki3oSYXNgLb45GV1P6A0M+/s6nyCuNDqe5VpaY84BzXGwVbwFA==}

  '@emnapi/wasi-threads@1.2.1':
    resolution: {integrity: sha512-uTII7OYF+/Mes/MrcIOYp5yOtSMLBWSIoLPpcgwipoiKbli6k322tcoFsxoIIxPDqW01SQGAgko4EzZi2BNv2w==}

  '@inquirer/ansi@2.0.7':
    resolution: {integrity: sha512-3eTuUO1vH2cZm2ZKHeQxnOqlTi9EfZDGgIe3BL3I4u+rJHocr9Fz86M4fjYABPvFnQG/gGK551HqDiIcETwU6Q==}
    engines: {node: '>=23.5.0 || ^22.13.0 || ^20.17.0'}

  '@inquirer/checkbox@5.2.1':
    resolution: {integrity: sha512-b6xmA/VlTe0ZgDQHDui+Nav470u7u49nRd8/iuhOcQPO9Ch7lGuogydhi2VOmNlZ+zXcM8IcPuNSwQcdJaF/kw==}
    engines: {node: '>=23.5.0 || ^22.13.0 || ^20.17.0'}
    peerDependencies:
      '@types/node': '>=18'
    peerDependenciesMeta:
      '@types/node':
        optional: true

  '@inquirer/confirm@6.1.1':
    resolution: {integrity: sha512-eb8DBZcz/2qHWQda4rk2JiQk5h9QV/cVHi1yjt0f69WFZMRFn0sJTye3EAP8icut8UDMjQPsaH5KbcOogefrFQ==}
    engines: {node: '>=23.5.0 || ^22.13.0 || ^20.17.0'}
    peerDependencies:
      '@types/node': '>=18'
    peerDependenciesMeta:
      '@types/node':
        optional: true

  '@inquirer/core@11.2.1':
    resolution: {integrity: sha512-Qd6GJT1yVyrZZCfN8W2qKF5ApmqryXRhRKCuip8h01x2w/esJQ2XIYc6f9abMIHgKQdBfFTSOdbHRLAhuM09UA==}
    engines: {node: '>=23.5.0 || ^22.13.0 || ^20.17.0'}
    peerDependencies:
      '@types/node': '>=18'
    peerDependenciesMeta:
      '@types/node':
        optional: true

  '@inquirer/editor@5.2.1':
    resolution: {integrity: sha512-NFLxWmTPc2WORINoffcbVwB2+tujeNZ6Cu50HbXvTbk0fHSmhA5PgCckxXuyUniQvX7bhxkZi0nODfJIGsnCdA==}
    engines: {node: '>=23.5.0 || ^22.13.0 || ^20.17.0'}
    peerDependencies:
      '@types/node': '>=18'
    peerDependenciesMeta:
      '@types/node':
        optional: true

  '@inquirer/expand@5.1.1':
    resolution: {integrity: sha512-YmQpenjbFSHAK3sOd44puHh3V1KXXr+JiNpUztoSQ4drLh2rTVzTap/YtlAVu/5xavifIlBfNEzJ/neZJ1a/1g==}
    engines: {node: '>=23.5.0 || ^22.13.0 || ^20.17.0'}
    peerDependencies:
      '@types/node': '>=18'
    peerDependenciesMeta:
      '@types/node':
        optional: true

  '@inquirer/external-editor@3.0.2':
    resolution: {integrity: sha512-1X+KN2PinUcy/aS3f3OBSKJaWk+jBikMry4Qblj5ysqN4T+8BeA1rNJdTSOlQ2iOmvKg7ZsR4tDQvl1p0PLgKg==}
    engines: {node: '>=23.5.0 || ^22.13.0 || ^20.17.0'}
    peerDependencies:
      '@types/node': '>=18'
    peerDependenciesMeta:
      '@types/node':
        optional: true

  '@inquirer/figures@2.0.7':
    resolution: {integrity: sha512-aJ8TBPOGB6f/2qziPfElISTCEd5XOYTFckA2SGjhNmiKzfK/u4ot3v0DUzGVdUnKjN10EqnnEPck36BkyfLnJw==}
    engines: {node: '>=23.5.0 || ^22.13.0 || ^20.17.0'}

  '@inquirer/input@5.1.1':
    resolution: {integrity: sha512-3wuHoDBBtU+o0TB4uP2R+ACdNrn6SgdZBc1YUaiU9GcfXNaTNUgSM/Ft7eQ3gYWP2H1MiT6glycmfWYpmPzVKw==}
    engines: {node: '>=23.5.0 || ^22.13.0 || ^20.17.0'}
    peerDependencies:
      '@types/node': '>=18'
    peerDependenciesMeta:
      '@types/node':
        optional: true

  '@inquirer/number@4.1.1':
    resolution: {integrity: sha512-XF4IXAbPnGPgw0wsbC/i2tPcyfdZgDpUlhsqU0SfT4IRIGWha6Xm9VRgN5yYxJq+jnyXlfXI/nQ3ulfk0iEICA==}
    engines: {node: '>=23.5.0 || ^22.13.0 || ^20.17.0'}
    peerDependencies:
      '@types/node': '>=18'
    peerDependenciesMeta:
      '@types/node':
        optional: true

  '@inquirer/password@5.1.1':
    resolution: {integrity: sha512-3XBfF7DAsp5qeDsvN5Rd1HmbNokVvEQoUM0QLrRcybC9nX96w3Pbmu7qUsb3IT3J3jBvs2+mTXaKHOUsgHMLzg==}
    engines: {node: '>=23.5.0 || ^22.13.0 || ^20.17.0'}
    peerDependencies:
      '@types/node': '>=18'
    peerDependenciesMeta:
      '@types/node':
        optional: true

  '@inquirer/prompts@8.5.1':
    resolution: {integrity: sha512-EwbBgs5e3a5MwQglQ736lx0UY/bbirddCbwe32AJMzQVSeAQK1jmwtDu8lwG9Izp+cdPhZ9NvuEt8aFmav6iLw==}
    engines: {node: '>=23.5.0 || ^22.13.0 || ^20.17.0'}
    peerDependencies:
      '@types/node': '>=18'
    peerDependenciesMeta:
      '@types/node':
        optional: true

  '@inquirer/rawlist@5.3.1':
    resolution: {integrity: sha512-QqdTqQddL3qPX/PPrjobpsO25NZ4dWXgTLenrR445L2ptLEYE6Z+PD5c5CNDJNx4ugRgELAIpSIJxZaO2jJ2Og==}
    engines: {node: '>=23.5.0 || ^22.13.0 || ^20.17.0'}
    peerDependencies:
      '@types/node': '>=18'
    peerDependenciesMeta:
      '@types/node':
        optional: true

  '@inquirer/search@4.2.1':
    resolution: {integrity: sha512-xJj8QWKRSrfKoBIITLZK61dD3zwo0Rz11fgDImku30/Oe81zMdIdGgrLY2h6RkJ+KZ/GhNYIRMKnH/62qBTA5g==}
    engines: {node: '>=23.5.0 || ^22.13.0 || ^20.17.0'}
    peerDependencies:
      '@types/node': '>=18'
    peerDependenciesMeta:
      '@types/node':
        optional: true

  '@inquirer/select@5.2.1':
    resolution: {integrity: sha512-FlDndEUww8m7BfukO2nJa25vhD+H5jxxCv4oGioKqzyWz3nPHhhw4LKdYRSlXuAx7DsdWia7iyaBPKKS95Evfw==}
    engines: {node: '>=23.5.0 || ^22.13.0 || ^20.17.0'}
    peerDependencies:
      '@types/node': '>=18'
    peerDependenciesMeta:
      '@types/node':
        optional: true

  '@inquirer/type@4.0.7':
    resolution: {integrity: sha512-t28inv14nMQ1PhKpsJPY+kEs/c00qzeCOS2gTNRyTjG5d6qsVA2fItxW4hkvGZ5lvanGLdtCzVIx5dwdRpN1+g==}
    engines: {node: '>=23.5.0 || ^22.13.0 || ^20.17.0'}
    peerDependencies:
      '@types/node': '>=18'
    peerDependenciesMeta:
      '@types/node':
        optional: true

  '@napi-rs/cli@3.7.0':
    resolution: {integrity: sha512-3d3+rmxlOIV/G1zPWeX4PCxuYnhcCQM2BvY9rtimC8RO0dFR9gtYP+Grov+WoduZtfWRj5N1XvytWeRxxCk5zw==}
    engines: {node: '>= 16'}
    hasBin: true
    peerDependencies:
      '@emnapi/runtime': ^1.7.1
    peerDependenciesMeta:
      '@emnapi/runtime':
        optional: true

  '@napi-rs/cross-toolchain@1.0.3':
    resolution: {integrity: sha512-ENPfLe4937bsKVTDA6zdABx4pq9w0tHqRrJHyaGxgaPq03a2Bd1unD5XSKjXJjebsABJ+MjAv1A2OvCgK9yehg==}
    peerDependencies:
      '@napi-rs/cross-toolchain-arm64-target-aarch64': ^1.0.3
      '@napi-rs/cross-toolchain-arm64-target-armv7': ^1.0.3
      '@napi-rs/cross-toolchain-arm64-target-ppc64le': ^1.0.3
      '@napi-rs/cross-toolchain-arm64-target-s390x': ^1.0.3
      '@napi-rs/cross-toolchain-arm64-target-x86_64': ^1.0.3
      '@napi-rs/cross-toolchain-x64-target-aarch64': ^1.0.3
      '@napi-rs/cross-toolchain-x64-target-armv7': ^1.0.3
      '@napi-rs/cross-toolchain-x64-target-ppc64le': ^1.0.3
      '@napi-rs/cross-toolchain-x64-target-s390x': ^1.0.3
      '@napi-rs/cross-toolchain-x64-target-x86_64': ^1.0.3
    peerDependenciesMeta:
      '@napi-rs/cross-toolchain-arm64-target-aarch64':
        optional: true
      '@napi-rs/cross-toolchain-arm64-target-armv7':
        optional: true
      '@napi-rs/cross-toolchain-arm64-target-ppc64le':
        optional: true
      '@napi-rs/cross-toolchain-arm64-target-s390x':
        optional: true
      '@napi-rs/cross-toolchain-arm64-target-x86_64':
        optional: true
      '@napi-rs/cross-toolchain-x64-target-aarch64':
        optional: true
      '@napi-rs/cross-toolchain-x64-target-armv7':
        optional: true
      '@napi-rs/cross-toolchain-x64-target-ppc64le':
        optional: true
      '@napi-rs/cross-toolchain-x64-target-s390x':
        optional: true
      '@napi-rs/cross-toolchain-x64-target-x86_64':
        optional: true

  '@napi-rs/lzma-android-arm-eabi@1.4.5':
    resolution: {integrity: sha512-Up4gpyw2SacmyKWWEib06GhiDdF+H+CCU0LAV8pnM4aJIDqKKd5LHSlBht83Jut6frkB0vwEPmAkv4NjQ5u//Q==}
    engines: {node: '>= 10'}
    cpu: [arm]
    os: [android]

  '@napi-rs/lzma-android-arm64@1.4.5':
    resolution: {integrity: sha512-uwa8sLlWEzkAM0MWyoZJg0JTD3BkPknvejAFG2acUA1raXM8jLrqujWCdOStisXhqQjZ2nDMp3FV6cs//zjfuQ==}
    engines: {node: '>= 10'}
    cpu: [arm64]
    os: [android]

  '@napi-rs/lzma-darwin-arm64@1.4.5':
    resolution: {integrity: sha512-0Y0TQLQ2xAjVabrMDem1NhIssOZzF/y/dqetc6OT8mD3xMTDtF8u5BqZoX3MyPc9FzpsZw4ksol+w7DsxHrpMA==}
    engines: {node: '>= 10'}
    cpu: [arm64]
    os: [darwin]

  '@napi-rs/lzma-darwin-x64@1.4.5':
    resolution: {integrity: sha512-vR2IUyJY3En+V1wJkwmbGWcYiT8pHloTAWdW4pG24+51GIq+intst6Uf6D/r46citObGZrlX0QvMarOkQeHWpw==}
    engines: {node: '>= 10'}
    cpu: [x64]
    os: [darwin]

  '@napi-rs/lzma-freebsd-x64@1.4.5':
    resolution: {integrity: sha512-XpnYQC5SVovO35tF0xGkbHYjsS6kqyNCjuaLQ2dbEblFRr5cAZVvsJ/9h7zj/5FluJPJRDojVNxGyRhTp4z2lw==}
    engines: {node: '>= 10'}
    cpu: [x64]
    os: [freebsd]

  '@napi-rs/lzma-linux-arm-gnueabihf@1.4.5':
    resolution: {integrity: sha512-ic1ZZMoRfRMwtSwxkyw4zIlbDZGC6davC9r+2oX6x9QiF247BRqqT94qGeL5ZP4Vtz0Hyy7TEViWhx5j6Bpzvw==}
    engines: {node: '>= 10'}
    cpu: [arm]
    os: [linux]

  '@napi-rs/lzma-linux-arm64-gnu@1.4.5':
    resolution: {integrity: sha512-asEp7FPd7C1Yi6DQb45a3KPHKOFBSfGuJWXcAd4/bL2Fjetb2n/KK2z14yfW8YC/Fv6x3rBM0VAZKmJuz4tysg==}
    engines: {node: '>= 10'}
    cpu: [arm64]
    os: [linux]
    libc: [glibc]

  '@napi-rs/lzma-linux-arm64-musl@1.4.5':
    resolution: {integrity: sha512-yWjcPDgJ2nIL3KNvi4536dlT/CcCWO0DUyEOlBs/SacG7BeD6IjGh6yYzd3/X1Y3JItCbZoDoLUH8iB1lTXo3w==}
    engines: {node: '>= 10'}
    cpu: [arm64]
    os: [linux]
    libc: [musl]

  '@napi-rs/lzma-linux-ppc64-gnu@1.4.5':
    resolution: {integrity: sha512-0XRhKuIU/9ZjT4WDIG/qnX7Xz7mSQHYZo9Gb3MP2gcvBgr6BA4zywQ9k3gmQaPn9ECE+CZg2V7DV7kT+x2pUMQ==}
    engines: {node: '>= 10'}
    cpu: [ppc64]
    os: [linux]
    libc: [glibc]

  '@napi-rs/lzma-linux-riscv64-gnu@1.4.5':
    resolution: {integrity: sha512-QrqDIPEUUB23GCpyQj/QFyMlr8SGxxyExeZz9OWFnHfb70kXdTLWrHS/hEI1Ru+lSbQ/6xRqeoGyQ4Aqdg+/RA==}
    engines: {node: '>= 10'}
    cpu: [riscv64]
    os: [linux]
    libc: [glibc]

  '@napi-rs/lzma-linux-s390x-gnu@1.4.5':
    resolution: {integrity: sha512-k8RVM5aMhW86E9H0QXdquwojew4H3SwPxbRVbl49/COJQWCUjGi79X6mYruMnMPEznZinUiT1jgKbFo2A00NdA==}
    engines: {node: '>= 10'}
    cpu: [s390x]
    os: [linux]
    libc: [glibc]

  '@napi-rs/lzma-linux-x64-gnu@1.4.5':
    resolution: {integrity: sha512-6rMtBgnIq2Wcl1rQdZsnM+rtCcVCbws1nF8S2NzaUsVaZv8bjrPiAa0lwg4Eqnn1d9lgwqT+cZgm5m+//K08Kw==}
    engines: {node: '>= 10'}
    cpu: [x64]
    os: [linux]
    libc: [glibc]

  '@napi-rs/lzma-linux-x64-musl@1.4.5':
    resolution: {integrity: sha512-eiadGBKi7Vd0bCArBUOO/qqRYPHt/VQVvGyYvDFt6C2ZSIjlD+HuOl+2oS1sjf4CFjK4eDIog6EdXnL0NE6iyQ==}
    engines: {node: '>= 10'}
    cpu: [x64]
    os: [linux]
    libc: [musl]

  '@napi-rs/lzma-wasm32-wasi@1.4.5':
    resolution: {integrity: sha512-+VyHHlr68dvey6fXc2hehw9gHVFIW3TtGF1XkcbAu65qVXsA9D/T+uuoRVqhE+JCyFHFrO0ixRbZDRK1XJt1sA==}
    engines: {node: '>=14.0.0'}
    cpu: [wasm32]

  '@napi-rs/lzma-win32-arm64-msvc@1.4.5':
    resolution: {integrity: sha512-eewnqvIyyhHi3KaZtBOJXohLvwwN27gfS2G/YDWdfHlbz1jrmfeHAmzMsP5qv8vGB+T80TMHNkro4kYjeh6Deg==}
    engines: {node: '>= 10'}
    cpu: [arm64]
    os: [win32]

  '@napi-rs/lzma-win32-ia32-msvc@1.4.5':
    resolution: {integrity: sha512-OeacFVRCJOKNU/a0ephUfYZ2Yt+NvaHze/4TgOwJ0J0P4P7X1mHzN+ig9Iyd74aQDXYqc7kaCXA2dpAOcH87Cg==}
    engines: {node: '>= 10'}
    cpu: [ia32]
    os: [win32]

  '@napi-rs/lzma-win32-x64-msvc@1.4.5':
    resolution: {integrity: sha512-T4I1SamdSmtyZgDXGAGP+y5LEK5vxHUFwe8mz6D4R7Sa5/WCxTcCIgPJ9BD7RkpO17lzhlaM2vmVvMy96Lvk9Q==}
    engines: {node: '>= 10'}
    cpu: [x64]
    os: [win32]

  '@napi-rs/lzma@1.4.5':
    resolution: {integrity: sha512-zS5LuN1OBPAyZpda2ZZgYOEDC+xecUdAGnrvbYzjnLXkrq/OBC3B9qcRvlxbDR3k5H/gVfvef1/jyUqPknqjbg==}
    engines: {node: '>= 10'}

  '@napi-rs/tar-android-arm-eabi@1.1.0':
    resolution: {integrity: sha512-h2Ryndraj/YiKgMV/r5by1cDusluYIRT0CaE0/PekQ4u+Wpy2iUVqvzVU98ZPnhXaNeYxEvVJHNGafpOfaD0TA==}
    engines: {node: '>= 10'}
    cpu: [arm]
    os: [android]

  '@napi-rs/tar-android-arm64@1.1.0':
    resolution: {integrity: sha512-DJFyQHr1ZxNZorm/gzc1qBNLF/FcKzcH0V0Vwan5P+o0aE2keQIGEjJ09FudkF9v6uOuJjHCVDdK6S6uHtShAw==}
    engines: {node: '>= 10'}
    cpu: [arm64]
    os: [android]

  '@napi-rs/tar-darwin-arm64@1.1.0':
    resolution: {integrity: sha512-Zz2sXRzjIX4e532zD6xm2SjXEym6MkvfCvL2RMpG2+UwNVDVscHNcz3d47Pf3sysP2e2af7fBB3TIoK2f6trPw==}
    engines: {node: '>= 10'}
    cpu: [arm64]
    os: [darwin]

  '@napi-rs/tar-darwin-x64@1.1.0':
    resolution: {integrity: sha512-EI+CptIMNweT0ms9S3mkP/q+J6FNZ1Q6pvpJOEcWglRfyfQpLqjlC0O+dptruTPE8VamKYuqdjxfqD8hifZDOA==}
    engines: {node: '>= 10'}
    cpu: [x64]
    os: [darwin]

  '@napi-rs/tar-freebsd-x64@1.1.0':
    resolution: {integrity: sha512-J0PIqX+pl6lBIAckL/c87gpodLbjZB1OtIK+RDscKC9NLdpVv6VGOxzUV/fYev/hctcE8EfkLbgFOfpmVQPg2g==}
    engines: {node: '>= 10'}
    cpu: [x64]
    os: [freebsd]

  '@napi-rs/tar-linux-arm-gnueabihf@1.1.0':
    resolution: {integrity: sha512-SLgIQo3f3EjkZ82ZwvrEgFvMdDAhsxCYjyoSuWfHCz0U16qx3SuGCp8+FYOPYCECHN3ZlGjXnoAIt9ERd0dEUg==}
    engines: {node: '>= 10'}
    cpu: [arm]
    os: [linux]

  '@napi-rs/tar-linux-arm64-gnu@1.1.0':
    resolution: {integrity: sha512-d014cdle52EGaH6GpYTQOP9Py7glMO1zz/+ynJPjjzYFSxvdYx0byrjumZk2UQdIyGZiJO2MEFpCkEEKFSgPYA==}
    engines: {node: '>= 10'}
    cpu: [arm64]
    os: [linux]
    libc: [glibc]

  '@napi-rs/tar-linux-arm64-musl@1.1.0':
    resolution: {integrity: sha512-L/y1/26q9L/uBqiW/JdOb/Dc94egFvNALUZV2WCGKQXc6UByPBMgdiEyW2dtoYxYYYYc+AKD+jr+wQPcvX2vrQ==}
    engines: {node: '>= 10'}
    cpu: [arm64]
    os: [linux]
    libc: [musl]

  '@napi-rs/tar-linux-ppc64-gnu@1.1.0':
    resolution: {integrity: sha512-EPE1K/80RQvPbLRJDJs1QmCIcH+7WRi0F73+oTe1582y9RtfGRuzAkzeBuAGRXAQEjRQw/RjtNqr6UTJ+8UuWQ==}
    engines: {node: '>= 10'}
    cpu: [ppc64]
    os: [linux]
    libc: [glibc]

  '@napi-rs/tar-linux-s390x-gnu@1.1.0':
    resolution: {integrity: sha512-B2jhWiB1ffw1nQBqLUP1h4+J1ovAxBOoe5N2IqDMOc63fsPZKNqF1PvO/dIem8z7LL4U4bsfmhy3gBfu547oNQ==}
    engines: {node: '>= 10'}
    cpu: [s390x]
    os: [linux]
    libc: [glibc]

  '@napi-rs/tar-linux-x64-gnu@1.1.0':
    resolution: {integrity: sha512-tbZDHnb9617lTnsDMGo/eAMZxnsQFnaRe+MszRqHguKfMwkisc9CCJnks/r1o84u5fECI+J/HOrKXgczq/3Oww==}
    engines: {node: '>= 10'}
    cpu: [x64]
    os: [linux]
    libc: [glibc]

  '@napi-rs/tar-linux-x64-musl@1.1.0':
    resolution: {integrity: sha512-dV6cODlzbO8u6Anmv2N/ilQHq/AWz0xyltuXoLU3yUyXbZcnWYZuB2rL8OBGPmqNcD+x9NdScBNXh7vWN0naSQ==}
    engines: {node: '>= 10'}
    cpu: [x64]
    os: [linux]
    libc: [musl]

  '@napi-rs/tar-wasm32-wasi@1.1.0':
    resolution: {integrity: sha512-jIa9nb2HzOrfH0F8QQ9g3WE4aMH5vSI5/1NYVNm9ysCmNjCCtMXCAhlI3WKCdm/DwHf0zLqdrrtDFXODcNaqMw==}
    engines: {node: '>=14.0.0'}
    cpu: [wasm32]

  '@napi-rs/tar-win32-arm64-msvc@1.1.0':
    resolution: {integrity: sha512-vfpG71OB0ijtjemp3WTdmBKJm9R70KM8vsSExMsIQtV0lVzP07oM1CW6JbNRPXNLhRoue9ofYLiUDk8bE0Hckg==}
    engines: {node: '>= 10'}
    cpu: [arm64]
    os: [win32]

  '@napi-rs/tar-win32-ia32-msvc@1.1.0':
    resolution: {integrity: sha512-hGPyPW60YSpOSgzfy68DLBHgi6HxkAM+L59ZZZPMQ0TOXjQg+p2EW87+TjZfJOkSpbYiEkULwa/f4a2hcVjsqQ==}
    engines: {node: '>= 10'}
    cpu: [ia32]
    os: [win32]

  '@napi-rs/tar-win32-x64-msvc@1.1.0':
    resolution: {integrity: sha512-L6Ed1DxXK9YSCMyvpR8MiNAyKNkQLjsHsHK9E0qnHa8NzLFqzDKhvs5LfnWxM2kJ+F7m/e5n9zPm24kHb3LsVw==}
    engines: {node: '>= 10'}
    cpu: [x64]
    os: [win32]

  '@napi-rs/tar@1.1.0':
    resolution: {integrity: sha512-7cmzIu+Vbupriudo7UudoMRH2OA3cTw67vva8MxeoAe5S7vPFI7z0vp0pMXiA25S8IUJefImQ90FeJjl8fjEaQ==}
    engines: {node: '>= 10'}

  '@napi-rs/wasm-runtime@1.1.4':
    resolution: {integrity: sha512-3NQNNgA1YSlJb/kMH1ildASP9HW7/7kYnRI2szWJaofaS1hWmbGI4H+d3+22aGzXXN9IJ+n+GiFVcGipJP18ow==}
    peerDependencies:
      '@emnapi/core': ^1.7.1
      '@emnapi/runtime': ^1.7.1

  '@napi-rs/wasm-tools-android-arm-eabi@1.0.1':
    resolution: {integrity: sha512-lr07E/l571Gft5v4aA1dI8koJEmF1F0UigBbsqg9OWNzg80H3lDPO+auv85y3T/NHE3GirDk7x/D3sLO57vayw==}
    engines: {node: '>= 10'}
    cpu: [arm]
    os: [android]

  '@napi-rs/wasm-tools-android-arm64@1.0.1':
    resolution: {integrity: sha512-WDR7S+aRLV6LtBJAg5fmjKkTZIdrEnnQxgdsb7Cf8pYiMWBHLU+LC49OUVppQ2YSPY0+GeYm9yuZWW3kLjJ7Bg==}
    engines: {node: '>= 10'}
    cpu: [arm64]
    os: [android]

  '@napi-rs/wasm-tools-darwin-arm64@1.0.1':
    resolution: {integrity: sha512-qWTI+EEkiN0oIn/N2gQo7+TVYil+AJ20jjuzD2vATS6uIjVz+Updeqmszi7zq7rdFTLp6Ea3/z4kDKIfZwmR9g==}
    engines: {node: '>= 10'}
    cpu: [arm64]
    os: [darwin]

  '@napi-rs/wasm-tools-darwin-x64@1.0.1':
    resolution: {integrity: sha512-bA6hubqtHROR5UI3tToAF/c6TDmaAgF0SWgo4rADHtQ4wdn0JeogvOk50gs2TYVhKPE2ZD2+qqt7oBKB+sxW3A==}
    engines: {node: '>= 10'}
    cpu: [x64]
    os: [darwin]

  '@napi-rs/wasm-tools-freebsd-x64@1.0.1':
    resolution: {integrity: sha512-90+KLBkD9hZEjPQW1MDfwSt5J1L46EUKacpCZWyRuL6iIEO5CgWU0V/JnEgFsDOGyyYtiTvHc5bUdUTWd4I9Vg==}
    engines: {node: '>= 10'}
    cpu: [x64]
    os: [freebsd]

  '@napi-rs/wasm-tools-linux-arm64-gnu@1.0.1':
    resolution: {integrity: sha512-rG0QlS65x9K/u3HrKafDf8cFKj5wV2JHGfl8abWgKew0GVPyp6vfsDweOwHbWAjcHtp2LHi6JHoW80/MTHm52Q==}
    engines: {node: '>= 10'}
    cpu: [arm64]
    os: [linux]
    libc: [glibc]

  '@napi-rs/wasm-tools-linux-arm64-musl@1.0.1':
    resolution: {integrity: sha512-jAasbIvjZXCgX0TCuEFQr+4D6Lla/3AAVx2LmDuMjgG4xoIXzjKWl7c4chuaD+TI+prWT0X6LJcdzFT+ROKGHQ==}
    engines: {node: '>= 10'}
    cpu: [arm64]
    os: [linux]
    libc: [musl]

  '@napi-rs/wasm-tools-linux-x64-gnu@1.0.1':
    resolution: {integrity: sha512-Plgk5rPqqK2nocBGajkMVbGm010Z7dnUgq0wtnYRZbzWWxwWcXfZMPa8EYxrK4eE8SzpI7VlZP1tdVsdjgGwMw==}
    engines: {node: '>= 10'}
    cpu: [x64]
    os: [linux]
    libc: [glibc]

  '@napi-rs/wasm-tools-linux-x64-musl@1.0.1':
    resolution: {integrity: sha512-GW7AzGuWxtQkyHknHWYFdR0CHmW6is8rG2Rf4V6GNmMpmwtXt/ItWYWtBe4zqJWycMNazpfZKSw/BpT7/MVCXQ==}
    engines: {node: '>= 10'}
    cpu: [x64]
    os: [linux]
    libc: [musl]

  '@napi-rs/wasm-tools-wasm32-wasi@1.0.1':
    resolution: {integrity: sha512-/nQVSTrqSsn7YdAc2R7Ips/tnw5SPUcl3D7QrXCNGPqjbatIspnaexvaOYNyKMU6xPu+pc0BTnKVmqhlJJCPLA==}
    engines: {node: '>=14.0.0'}
    cpu: [wasm32]

  '@napi-rs/wasm-tools-win32-arm64-msvc@1.0.1':
    resolution: {integrity: sha512-PFi7oJIBu5w7Qzh3dwFea3sHRO3pojMsaEnUIy22QvsW+UJfNQwJCryVrpoUt8m4QyZXI+saEq/0r4GwdoHYFQ==}
    engines: {node: '>= 10'}
    cpu: [arm64]
    os: [win32]

  '@napi-rs/wasm-tools-win32-ia32-msvc@1.0.1':
    resolution: {integrity: sha512-gXkuYzxQsgkj05Zaq+KQTkHIN83dFAwMcTKa2aQcpYPRImFm2AQzEyLtpXmyCWzJ0F9ZYAOmbSyrNew8/us6bw==}
    engines: {node: '>= 10'}
    cpu: [ia32]
    os: [win32]

  '@napi-rs/wasm-tools-win32-x64-msvc@1.0.1':
    resolution: {integrity: sha512-rEAf05nol3e3eei2sRButmgXP+6ATgm0/38MKhz9Isne82T4rPIMYsCIFj0kOisaGeVwoi2fnm7O9oWp5YVnYQ==}
    engines: {node: '>= 10'}
    cpu: [x64]
    os: [win32]

  '@napi-rs/wasm-tools@1.0.1':
    resolution: {integrity: sha512-enkZYyuCdo+9jneCPE/0fjIta4wWnvVN9hBo2HuiMpRF0q3lzv1J6b/cl7i0mxZUKhBrV3aCKDBQnCOhwKbPmQ==}
    engines: {node: '>= 10'}

  '@octokit/auth-token@6.0.0':
    resolution: {integrity: sha512-P4YJBPdPSpWTQ1NU4XYdvHvXJJDxM6YwpS0FZHRgP7YFkdVxsWcpWGy/NVqlAA7PcPCnMacXlRm1y2PFZRWL/w==}
    engines: {node: '>= 20'}

  '@octokit/core@7.0.6':
    resolution: {integrity: sha512-DhGl4xMVFGVIyMwswXeyzdL4uXD5OGILGX5N8Y+f6W7LhC1Ze2poSNrkF/fedpVDHEEZ+PHFW0vL14I+mm8K3Q==}
    engines: {node: '>= 20'}

  '@octokit/endpoint@11.0.3':
    resolution: {integrity: sha512-FWFlNxghg4HrXkD3ifYbS/IdL/mDHjh9QcsNyhQjN8dplUoZbejsdpmuqdA76nxj2xoWPs7p8uX2SNr9rYu0Ag==}
    engines: {node: '>= 20'}

  '@octokit/graphql@9.0.3':
    resolution: {integrity: sha512-grAEuupr/C1rALFnXTv6ZQhFuL1D8G5y8CN04RgrO4FIPMrtm+mcZzFG7dcBm+nq+1ppNixu+Jd78aeJOYxlGA==}
    engines: {node: '>= 20'}

  '@octokit/openapi-types@27.0.0':
    resolution: {integrity: sha512-whrdktVs1h6gtR+09+QsNk2+FO+49j6ga1c55YZudfEG+oKJVvJLQi3zkOm5JjiUXAagWK2tI2kTGKJ2Ys7MGA==}

  '@octokit/plugin-paginate-rest@14.0.0':
    resolution: {integrity: sha512-fNVRE7ufJiAA3XUrha2omTA39M6IXIc6GIZLvlbsm8QOQCYvpq/LkMNGyFlB1d8hTDzsAXa3OKtybdMAYsV/fw==}
    engines: {node: '>= 20'}
    peerDependencies:
      '@octokit/core': '>=6'

  '@octokit/plugin-request-log@6.0.0':
    resolution: {integrity: sha512-UkOzeEN3W91/eBq9sPZNQ7sUBvYCqYbrrD8gTbBuGtHEuycE4/awMXcYvx6sVYo7LypPhmQwwpUe4Yyu4QZN5Q==}
    engines: {node: '>= 20'}
    peerDependencies:
      '@octokit/core': '>=6'

  '@octokit/plugin-rest-endpoint-methods@17.0.0':
    resolution: {integrity: sha512-B5yCyIlOJFPqUUeiD0cnBJwWJO8lkJs5d8+ze9QDP6SvfiXSz1BF+91+0MeI1d2yxgOhU/O+CvtiZ9jSkHhFAw==}
    engines: {node: '>= 20'}
    peerDependencies:
      '@octokit/core': '>=6'

  '@octokit/request-error@7.1.0':
    resolution: {integrity: sha512-KMQIfq5sOPpkQYajXHwnhjCC0slzCNScLHs9JafXc4RAJI+9f+jNDlBNaIMTvazOPLgb4BnlhGJOTbnN0wIjPw==}
    engines: {node: '>= 20'}

  '@octokit/request@10.0.10':
    resolution: {integrity: sha512-KxNC2pTqqhszMNrf12ZRd4PonRgyJdsM4F/jySiddQK+DsRcfBtUvqn8t7UsyZhnRJHvX46OohDt5N3VqIWC2w==}
    engines: {node: '>= 20'}

  '@octokit/rest@22.0.1':
    resolution: {integrity: sha512-Jzbhzl3CEexhnivb1iQ0KJ7s5vvjMWcmRtq5aUsKmKDrRW6z3r84ngmiFKFvpZjpiU/9/S6ITPFRpn5s/3uQJw==}
    engines: {node: '>= 20'}

  '@octokit/types@16.0.0':
    resolution: {integrity: sha512-sKq+9r1Mm4efXW1FCk7hFSeJo4QKreL/tTbR0rz/qx/r1Oa2VV83LTA/H/MuCOX7uCIJmQVRKBcbmWoySjAnSg==}

  '@tybys/wasm-util@0.10.2':
    resolution: {integrity: sha512-RoBvJ2X0wuKlWFIjrwffGw1IqZHKQqzIchKaadZZfnNpsAYp2mM0h36JtPCjNDAHGgYez/15uMBpfGwchhiMgg==}

  argparse@2.0.1:
    resolution: {integrity: sha512-8+9WqebbFzpX9OR+Wa6O29asIogeRMzcGtAINdpMHHyAg10f05aSFVBbcEqGf/PXw1EjAZ+q2/bEBg3DvurK3Q==}

  before-after-hook@4.0.0:
    resolution: {integrity: sha512-q6tR3RPqIB1pMiTRMFcZwuG5T8vwp+vUvEG0vuI6B+Rikh5BfPp2fQ82c925FOs+b0lcFQ8CFrL+KbilfZFhOQ==}

  chardet@2.1.1:
    resolution: {integrity: sha512-PsezH1rqdV9VvyNhxxOW32/d75r01NY7TQCmOqomRo15ZSOKbpTFVsfjghxo6JloQUCGnH4k1LGu0R4yCLlWQQ==}

  cli-width@4.1.0:
    resolution: {integrity: sha512-ouuZd4/dm2Sw5Gmqy6bGyNNNe1qt9RpmxveLSO7KcgsTnU7RXfsw+/bukWGo1abgBiMAic068rclZsO4IWmmxQ==}
    engines: {node: '>= 12'}

  clipanion@4.0.0-rc.4:
    resolution: {integrity: sha512-CXkMQxU6s9GklO/1f714dkKBMu1lopS1WFF0B8o4AxPykR1hpozxSiUZ5ZUeBjfPgCWqbcNOtZVFhB8Lkfp1+Q==}
    peerDependencies:
      typanion: '*'

  colorette@2.0.20:
    resolution: {integrity: sha512-IfEDxwoWIjkeXL1eXcDiow4UbKjhLdq6/EuSVR9GMN7KVH3r9gQ83e73hsz1Nd1T3ijd5xv1wcWRYO+D6kCI2w==}

  content-type@2.0.0:
    resolution: {integrity: sha512-j/O/d7GcZCyNl7/hwZAb606rzqkyvaDctLmckbxLzHvFBzTJHuGEdodATcP3yIRoDrLHkIATJuvzbFlp/ki2cQ==}
    engines: {node: '>=18'}

  debug@4.4.3:
    resolution: {integrity: sha512-RGwwWnwQvkVfavKVt22FGLw+xYSdzARwm0ru6DhTVA3umU5hZc28V3kO4stgYryrTlLpuvgI9GiijltAjNbcqA==}
    engines: {node: '>=6.0'}
    peerDependencies:
      supports-color: '*'
    peerDependenciesMeta:
      supports-color:
        optional: true

  emnapi@1.10.0:
    resolution: {integrity: sha512-swoyZjupDvLoe/KC3HZ4SY1JUN+tviT6eOZ3Px28TZAYdBHtRIiMWWrIUUH+2/9CYY4fNTID1YhYZ+kdFHszHg==}
    peerDependencies:
      node-addon-api: '>= 6.1.0'
    peerDependenciesMeta:
      node-addon-api:
        optional: true

  es-toolkit@1.47.0:
    resolution: {integrity: sha512-n1GuoD0WEQZMBk5tttoZSqwgyLx01oqa5XsBmCHwPyNe1S9jPBEmtR2pSgp2kJuWE3ciFZ6yRHmY4pM4C3OOkw==}

  fast-string-truncated-width@3.0.3:
    resolution: {integrity: sha512-0jjjIEL6+0jag3l2XWWizO64/aZVtpiGE3t0Zgqxv0DPuxiMjvB3M24fCyhZUO4KomJQPj3LTSUnDP3GpdwC0g==}

  fast-string-width@3.0.2:
    resolution: {integrity: sha512-gX8LrtNEI5hq8DVUfRQMbr5lpaS4nMIWV+7XEbXk2b8kiQIizgnlr12B4dA3ZEx3308ze0O4Q1R+cHts8kyUJg==}

  fast-wrap-ansi@0.2.2:
    resolution: {integrity: sha512-7F2Fl+TjRSenLqlU3UjSH0iyqopqoZIu7eZVpEirP2g1GtWa2G/ecEmBdgz31+Mxr+ELclgg6sokpSFIQiZ02Q==}

  iconv-lite@0.7.2:
    resolution: {integrity: sha512-im9DjEDQ55s9fL4EYzOAv0yMqmMBSZp6G0VvFyTMPKWxiSBHUj9NW/qqLmXUwXrrM7AvqSlTCfvqRb0cM8yYqw==}
    engines: {node: '>=0.10.0'}

  js-yaml@4.1.1:
    resolution: {integrity: sha512-qQKT4zQxXl8lLwBtHMWwaTcGfFOZviOJet3Oy/xmGk2gZH677CJM9EvtfdSkgWcATZhj/55JZ0rmy3myCT5lsA==}
    hasBin: true

  json-with-bigint@3.5.8:
    resolution: {integrity: sha512-eq/4KP6K34kwa7TcFdtvnftvHCD9KvHOGGICWwMFc4dOOKF5t4iYqnfLK8otCRCRv06FXOzGGyqE8h8ElMvvdw==}

  ms@2.1.3:
    resolution: {integrity: sha512-6FlzubTLZG3J2a/NVCAleEhjzq5oxgHyaCU9yYXvcLsvoVaHJq/s5xXI6/XXP6tz7R9xAOtHnSO/tXtF3WRTlA==}

  mute-stream@3.0.0:
    resolution: {integrity: sha512-dkEJPVvun4FryqBmZ5KhDo0K9iDXAwn08tMLDinNdRBNPcYEDiWYysLcc6k3mjTMlbP9KyylvRpd4wFtwrT9rw==}
    engines: {node: ^20.17.0 || >=22.9.0}

  obug@2.1.1:
    resolution: {integrity: sha512-uTqF9MuPraAQ+IsnPf366RG4cP9RtUi7MLO1N3KEc+wb0a6yKpeL0lmk2IB1jY5KHPAlTc6T/JRdC/YqxHNwkQ==}

  safer-buffer@2.1.2:
    resolution: {integrity: sha512-YZo3K82SD7Riyi0E1EQPojLz7kpepnSQI9IyPbHHg1XXXevb5dJI7tpyN2ADxGcQbHG7vcyRHk0cbwqcQriUtg==}

  semver@7.8.1:
    resolution: {integrity: sha512-rkVq3IXh+4FDGch+KwzX3aV9W3kO54GyEgpvBzSyctDA6Xtd7RJQV1xmXbeQp5v7+VzLOfVqiutSE6GICgPFvg==}
    engines: {node: '>=10'}
    hasBin: true

  signal-exit@4.1.0:
    resolution: {integrity: sha512-bzyZ1e88w9O1iNJbKnOlvYTrWPDl46O1bG0D3XInv+9tkPrxrN8jUUTiFlDkkmKWgn1M6CfIA13SuGqOa9Korw==}
    engines: {node: '>=14'}

  tslib@2.8.1:
    resolution: {integrity: sha512-oJFu94HQb+KVduSUQL7wnpmqnfmLsOA/nAh6b6EH0wCEoK0/mPeXU6c3wKDV83MkOuHPRHtSXKKU99IBazS/2w==}

  typanion@3.14.0:
    resolution: {integrity: sha512-ZW/lVMRabETuYCd9O9ZvMhAh8GslSqaUjxmK/JLPCh6l73CvLBiuXswj/+7LdnWOgYsQ130FqLzFz5aGT4I3Ug==}

  universal-user-agent@7.0.3:
    resolution: {integrity: sha512-TmnEAEAsBJVZM/AADELsK76llnwcf9vMKuPz8JflO1frO8Lchitr0fNaN9d+Ap0BjKtqWqd/J17qeDnXh8CL2A==}

snapshots:

  '@emnapi/core@1.10.0':
    dependencies:
      '@emnapi/wasi-threads': 1.2.1
      tslib: 2.8.1
    optional: true

  '@emnapi/runtime@1.10.0':
    dependencies:
      tslib: 2.8.1
    optional: true

  '@emnapi/wasi-threads@1.2.1':
    dependencies:
      tslib: 2.8.1
    optional: true

  '@inquirer/ansi@2.0.7': {}

  '@inquirer/checkbox@5.2.1':
    dependencies:
      '@inquirer/ansi': 2.0.7
      '@inquirer/core': 11.2.1
      '@inquirer/figures': 2.0.7
      '@inquirer/type': 4.0.7

  '@inquirer/confirm@6.1.1':
    dependencies:
      '@inquirer/core': 11.2.1
      '@inquirer/type': 4.0.7

  '@inquirer/core@11.2.1':
    dependencies:
      '@inquirer/ansi': 2.0.7
      '@inquirer/figures': 2.0.7
      '@inquirer/type': 4.0.7
      cli-width: 4.1.0
      fast-wrap-ansi: 0.2.2
      mute-stream: 3.0.0
      signal-exit: 4.1.0

  '@inquirer/editor@5.2.1':
    dependencies:
      '@inquirer/core': 11.2.1
      '@inquirer/external-editor': 3.0.2
      '@inquirer/type': 4.0.7

  '@inquirer/expand@5.1.1':
    dependencies:
      '@inquirer/core': 11.2.1
      '@inquirer/type': 4.0.7

  '@inquirer/external-editor@3.0.2':
    dependencies:
      chardet: 2.1.1
      iconv-lite: 0.7.2

  '@inquirer/figures@2.0.7': {}

  '@inquirer/input@5.1.1':
    dependencies:
      '@inquirer/core': 11.2.1
      '@inquirer/type': 4.0.7

  '@inquirer/number@4.1.1':
    dependencies:
      '@inquirer/core': 11.2.1
      '@inquirer/type': 4.0.7

  '@inquirer/password@5.1.1':
    dependencies:
      '@inquirer/ansi': 2.0.7
      '@inquirer/core': 11.2.1
      '@inquirer/type': 4.0.7

  '@inquirer/prompts@8.5.1':
    dependencies:
      '@inquirer/checkbox': 5.2.1
      '@inquirer/confirm': 6.1.1
      '@inquirer/editor': 5.2.1
      '@inquirer/expand': 5.1.1
      '@inquirer/input': 5.1.1
      '@inquirer/number': 4.1.1
      '@inquirer/password': 5.1.1
      '@inquirer/rawlist': 5.3.1
      '@inquirer/search': 4.2.1
      '@inquirer/select': 5.2.1

  '@inquirer/rawlist@5.3.1':
    dependencies:
      '@inquirer/core': 11.2.1
      '@inquirer/type': 4.0.7

  '@inquirer/search@4.2.1':
    dependencies:
      '@inquirer/core': 11.2.1
      '@inquirer/figures': 2.0.7
      '@inquirer/type': 4.0.7

  '@inquirer/select@5.2.1':
    dependencies:
      '@inquirer/ansi': 2.0.7
      '@inquirer/core': 11.2.1
      '@inquirer/figures': 2.0.7
      '@inquirer/type': 4.0.7

  '@inquirer/type@4.0.7': {}

  '@napi-rs/cli@3.7.0(@emnapi/core@1.10.0)(@emnapi/runtime@1.10.0)':
    dependencies:
      '@inquirer/prompts': 8.5.1
      '@napi-rs/cross-toolchain': 1.0.3(@emnapi/core@1.10.0)(@emnapi/runtime@1.10.0)
      '@napi-rs/wasm-tools': 1.0.1(@emnapi/core@1.10.0)(@emnapi/runtime@1.10.0)
      '@octokit/rest': 22.0.1
      clipanion: 4.0.0-rc.4(typanion@3.14.0)
      colorette: 2.0.20
      emnapi: 1.10.0
      es-toolkit: 1.47.0
      js-yaml: 4.1.1
      obug: 2.1.1
      semver: 7.8.1
      typanion: 3.14.0
    optionalDependencies:
      '@emnapi/runtime': 1.10.0
    transitivePeerDependencies:
      - '@emnapi/core'
      - '@napi-rs/cross-toolchain-arm64-target-aarch64'
      - '@napi-rs/cross-toolchain-arm64-target-armv7'
      - '@napi-rs/cross-toolchain-arm64-target-ppc64le'
      - '@napi-rs/cross-toolchain-arm64-target-s390x'
      - '@napi-rs/cross-toolchain-arm64-target-x86_64'
      - '@napi-rs/cross-toolchain-x64-target-aarch64'
      - '@napi-rs/cross-toolchain-x64-target-armv7'
      - '@napi-rs/cross-toolchain-x64-target-ppc64le'
      - '@napi-rs/cross-toolchain-x64-target-s390x'
      - '@napi-rs/cross-toolchain-x64-target-x86_64'
      - '@types/node'
      - node-addon-api
      - supports-color

  '@napi-rs/cross-toolchain@1.0.3(@emnapi/core@1.10.0)(@emnapi/runtime@1.10.0)':
    dependencies:
      '@napi-rs/lzma': 1.4.5(@emnapi/core@1.10.0)(@emnapi/runtime@1.10.0)
      '@napi-rs/tar': 1.1.0(@emnapi/core@1.10.0)(@emnapi/runtime@1.10.0)
      debug: 4.4.3
    transitivePeerDependencies:
      - '@emnapi/core'
      - '@emnapi/runtime'
      - supports-color

  '@napi-rs/lzma-android-arm-eabi@1.4.5':
    optional: true

  '@napi-rs/lzma-android-arm64@1.4.5':
    optional: true

  '@napi-rs/lzma-darwin-arm64@1.4.5':
    optional: true

  '@napi-rs/lzma-darwin-x64@1.4.5':
    optional: true

  '@napi-rs/lzma-freebsd-x64@1.4.5':
    optional: true

  '@napi-rs/lzma-linux-arm-gnueabihf@1.4.5':
    optional: true

  '@napi-rs/lzma-linux-arm64-gnu@1.4.5':
    optional: true

  '@napi-rs/lzma-linux-arm64-musl@1.4.5':
    optional: true

  '@napi-rs/lzma-linux-ppc64-gnu@1.4.5':
    optional: true

  '@napi-rs/lzma-linux-riscv64-gnu@1.4.5':
    optional: true

  '@napi-rs/lzma-linux-s390x-gnu@1.4.5':
    optional: true

  '@napi-rs/lzma-linux-x64-gnu@1.4.5':
    optional: true

  '@napi-rs/lzma-linux-x64-musl@1.4.5':
    optional: true

  '@napi-rs/lzma-wasm32-wasi@1.4.5(@emnapi/core@1.10.0)(@emnapi/runtime@1.10.0)':
    dependencies:
      '@napi-rs/wasm-runtime': 1.1.4(@emnapi/core@1.10.0)(@emnapi/runtime@1.10.0)
    transitivePeerDependencies:
      - '@emnapi/core'
      - '@emnapi/runtime'
    optional: true

  '@napi-rs/lzma-win32-arm64-msvc@1.4.5':
    optional: true

  '@napi-rs/lzma-win32-ia32-msvc@1.4.5':
    optional: true

  '@napi-rs/lzma-win32-x64-msvc@1.4.5':
    optional: true

  '@napi-rs/lzma@1.4.5(@emnapi/core@1.10.0)(@emnapi/runtime@1.10.0)':
    optionalDependencies:
      '@napi-rs/lzma-android-arm-eabi': 1.4.5
      '@napi-rs/lzma-android-arm64': 1.4.5
      '@napi-rs/lzma-darwin-arm64': 1.4.5
      '@napi-rs/lzma-darwin-x64': 1.4.5
      '@napi-rs/lzma-freebsd-x64': 1.4.5
      '@napi-rs/lzma-linux-arm-gnueabihf': 1.4.5
      '@napi-rs/lzma-linux-arm64-gnu': 1.4.5
      '@napi-rs/lzma-linux-arm64-musl': 1.4.5
      '@napi-rs/lzma-linux-ppc64-gnu': 1.4.5
      '@napi-rs/lzma-linux-riscv64-gnu': 1.4.5
      '@napi-rs/lzma-linux-s390x-gnu': 1.4.5
      '@napi-rs/lzma-linux-x64-gnu': 1.4.5
      '@napi-rs/lzma-linux-x64-musl': 1.4.5
      '@napi-rs/lzma-wasm32-wasi': 1.4.5(@emnapi/core@1.10.0)(@emnapi/runtime@1.10.0)
      '@napi-rs/lzma-win32-arm64-msvc': 1.4.5
      '@napi-rs/lzma-win32-ia32-msvc': 1.4.5
      '@napi-rs/lzma-win32-x64-msvc': 1.4.5
    transitivePeerDependencies:
      - '@emnapi/core'
      - '@emnapi/runtime'

  '@napi-rs/tar-android-arm-eabi@1.1.0':
    optional: true

  '@napi-rs/tar-android-arm64@1.1.0':
    optional: true

  '@napi-rs/tar-darwin-arm64@1.1.0':
    optional: true

  '@napi-rs/tar-darwin-x64@1.1.0':
    optional: true

  '@napi-rs/tar-freebsd-x64@1.1.0':
    optional: true

  '@napi-rs/tar-linux-arm-gnueabihf@1.1.0':
    optional: true

  '@napi-rs/tar-linux-arm64-gnu@1.1.0':
    optional: true

  '@napi-rs/tar-linux-arm64-musl@1.1.0':
    optional: true

  '@napi-rs/tar-linux-ppc64-gnu@1.1.0':
    optional: true

  '@napi-rs/tar-linux-s390x-gnu@1.1.0':
    optional: true

  '@napi-rs/tar-linux-x64-gnu@1.1.0':
    optional: true

  '@napi-rs/tar-linux-x64-musl@1.1.0':
    optional: true

  '@napi-rs/tar-wasm32-wasi@1.1.0(@emnapi/core@1.10.0)(@emnapi/runtime@1.10.0)':
    dependencies:
      '@napi-rs/wasm-runtime': 1.1.4(@emnapi/core@1.10.0)(@emnapi/runtime@1.10.0)
    transitivePeerDependencies:
      - '@emnapi/core'
      - '@emnapi/runtime'
    optional: true

  '@napi-rs/tar-win32-arm64-msvc@1.1.0':
    optional: true

  '@napi-rs/tar-win32-ia32-msvc@1.1.0':
    optional: true

  '@napi-rs/tar-win32-x64-msvc@1.1.0':
    optional: true

  '@napi-rs/tar@1.1.0(@emnapi/core@1.10.0)(@emnapi/runtime@1.10.0)':
    optionalDependencies:
      '@napi-rs/tar-android-arm-eabi': 1.1.0
      '@napi-rs/tar-android-arm64': 1.1.0
      '@napi-rs/tar-darwin-arm64': 1.1.0
      '@napi-rs/tar-darwin-x64': 1.1.0
      '@napi-rs/tar-freebsd-x64': 1.1.0
      '@napi-rs/tar-linux-arm-gnueabihf': 1.1.0
      '@napi-rs/tar-linux-arm64-gnu': 1.1.0
      '@napi-rs/tar-linux-arm64-musl': 1.1.0
      '@napi-rs/tar-linux-ppc64-gnu': 1.1.0
      '@napi-rs/tar-linux-s390x-gnu': 1.1.0
      '@napi-rs/tar-linux-x64-gnu': 1.1.0
      '@napi-rs/tar-linux-x64-musl': 1.1.0
      '@napi-rs/tar-wasm32-wasi': 1.1.0(@emnapi/core@1.10.0)(@emnapi/runtime@1.10.0)
      '@napi-rs/tar-win32-arm64-msvc': 1.1.0
      '@napi-rs/tar-win32-ia32-msvc': 1.1.0
      '@napi-rs/tar-win32-x64-msvc': 1.1.0
    transitivePeerDependencies:
      - '@emnapi/core'
      - '@emnapi/runtime'

  '@napi-rs/wasm-runtime@1.1.4(@emnapi/core@1.10.0)(@emnapi/runtime@1.10.0)':
    dependencies:
      '@emnapi/core': 1.10.0
      '@emnapi/runtime': 1.10.0
      '@tybys/wasm-util': 0.10.2
    optional: true

  '@napi-rs/wasm-tools-android-arm-eabi@1.0.1':
    optional: true

  '@napi-rs/wasm-tools-android-arm64@1.0.1':
    optional: true

  '@napi-rs/wasm-tools-darwin-arm64@1.0.1':
    optional: true

  '@napi-rs/wasm-tools-darwin-x64@1.0.1':
    optional: true

  '@napi-rs/wasm-tools-freebsd-x64@1.0.1':
    optional: true

  '@napi-rs/wasm-tools-linux-arm64-gnu@1.0.1':
    optional: true

  '@napi-rs/wasm-tools-linux-arm64-musl@1.0.1':
    optional: true

  '@napi-rs/wasm-tools-linux-x64-gnu@1.0.1':
    optional: true

  '@napi-rs/wasm-tools-linux-x64-musl@1.0.1':
    optional: true

  '@napi-rs/wasm-tools-wasm32-wasi@1.0.1(@emnapi/core@1.10.0)(@emnapi/runtime@1.10.0)':
    dependencies:
      '@napi-rs/wasm-runtime': 1.1.4(@emnapi/core@1.10.0)(@emnapi/runtime@1.10.0)
    transitivePeerDependencies:
      - '@emnapi/core'
      - '@emnapi/runtime'
    optional: true

  '@napi-rs/wasm-tools-win32-arm64-msvc@1.0.1':
    optional: true

  '@napi-rs/wasm-tools-win32-ia32-msvc@1.0.1':
    optional: true

  '@napi-rs/wasm-tools-win32-x64-msvc@1.0.1':
    optional: true

  '@napi-rs/wasm-tools@1.0.1(@emnapi/core@1.10.0)(@emnapi/runtime@1.10.0)':
    optionalDependencies:
      '@napi-rs/wasm-tools-android-arm-eabi': 1.0.1
      '@napi-rs/wasm-tools-android-arm64': 1.0.1
      '@napi-rs/wasm-tools-darwin-arm64': 1.0.1
      '@napi-rs/wasm-tools-darwin-x64': 1.0.1
      '@napi-rs/wasm-tools-freebsd-x64': 1.0.1
      '@napi-rs/wasm-tools-linux-arm64-gnu': 1.0.1
      '@napi-rs/wasm-tools-linux-arm64-musl': 1.0.1
      '@napi-rs/wasm-tools-linux-x64-gnu': 1.0.1
      '@napi-rs/wasm-tools-linux-x64-musl': 1.0.1
      '@napi-rs/wasm-tools-wasm32-wasi': 1.0.1(@emnapi/core@1.10.0)(@emnapi/runtime@1.10.0)
      '@napi-rs/wasm-tools-win32-arm64-msvc': 1.0.1
      '@napi-rs/wasm-tools-win32-ia32-msvc': 1.0.1
      '@napi-rs/wasm-tools-win32-x64-msvc': 1.0.1
    transitivePeerDependencies:
      - '@emnapi/core'
      - '@emnapi/runtime'

  '@octokit/auth-token@6.0.0': {}

  '@octokit/core@7.0.6':
    dependencies:
      '@octokit/auth-token': 6.0.0
      '@octokit/graphql': 9.0.3
      '@octokit/request': 10.0.10
      '@octokit/request-error': 7.1.0
      '@octokit/types': 16.0.0
      before-after-hook: 4.0.0
      universal-user-agent: 7.0.3

  '@octokit/endpoint@11.0.3':
    dependencies:
      '@octokit/types': 16.0.0
      universal-user-agent: 7.0.3

  '@octokit/graphql@9.0.3':
    dependencies:
      '@octokit/request': 10.0.10
      '@octokit/types': 16.0.0
      universal-user-agent: 7.0.3

  '@octokit/openapi-types@27.0.0': {}

  '@octokit/plugin-paginate-rest@14.0.0(@octokit/core@7.0.6)':
    dependencies:
      '@octokit/core': 7.0.6
      '@octokit/types': 16.0.0

  '@octokit/plugin-request-log@6.0.0(@octokit/core@7.0.6)':
    dependencies:
      '@octokit/core': 7.0.6

  '@octokit/plugin-rest-endpoint-methods@17.0.0(@octokit/core@7.0.6)':
    dependencies:
      '@octokit/core': 7.0.6
      '@octokit/types': 16.0.0

  '@octokit/request-error@7.1.0':
    dependencies:
      '@octokit/types': 16.0.0

  '@octokit/request@10.0.10':
    dependencies:
      '@octokit/endpoint': 11.0.3
      '@octokit/request-error': 7.1.0
      '@octokit/types': 16.0.0
      content-type: 2.0.0
      json-with-bigint: 3.5.8
      universal-user-agent: 7.0.3

  '@octokit/rest@22.0.1':
    dependencies:
      '@octokit/core': 7.0.6
      '@octokit/plugin-paginate-rest': 14.0.0(@octokit/core@7.0.6)
      '@octokit/plugin-request-log': 6.0.0(@octokit/core@7.0.6)
      '@octokit/plugin-rest-endpoint-methods': 17.0.0(@octokit/core@7.0.6)

  '@octokit/types@16.0.0':
    dependencies:
      '@octokit/openapi-types': 27.0.0

  '@tybys/wasm-util@0.10.2':
    dependencies:
      tslib: 2.8.1
    optional: true

  argparse@2.0.1: {}

  before-after-hook@4.0.0: {}

  chardet@2.1.1: {}

  cli-width@4.1.0: {}

  clipanion@4.0.0-rc.4(typanion@3.14.0):
    dependencies:
      typanion: 3.14.0

  colorette@2.0.20: {}

  content-type@2.0.0: {}

  debug@4.4.3:
    dependencies:
      ms: 2.1.3

  emnapi@1.10.0: {}

  es-toolkit@1.47.0: {}

  fast-string-truncated-width@3.0.3: {}

  fast-string-width@3.0.2:
    dependencies:
      fast-string-truncated-width: 3.0.3

  fast-wrap-ansi@0.2.2:
    dependencies:
      fast-string-width: 3.0.2

  iconv-lite@0.7.2:
    dependencies:
      safer-buffer: 2.1.2

  js-yaml@4.1.1:
    dependencies:
      argparse: 2.0.1

  json-with-bigint@3.5.8: {}

  ms@2.1.3: {}

  mute-stream@3.0.0: {}

  obug@2.1.1: {}

  safer-buffer@2.1.2: {}

  semver@7.8.1: {}

  signal-exit@4.1.0: {}

  tslib@2.8.1:
    optional: true

  typanion@3.14.0: {}

  universal-user-agent@7.0.3: {}
